
Microsoft Visual Studio Solution File, Format Version 12.00
# Visual Studio 15
VisualStudioVersion = 15.0.27703.2035
MinimumVisualStudioVersion = 10.0.40219.1
Project("{FAE04EC0-301F-11D3-BF4B-00C04F79EFBC}") = "SharedResourceDemo.Android", "SharedResourceDemo\SharedResourceDemo.Android\SharedResourceDemo.Android.csproj", "{196B3C89-88F5-4653-BAD5-13F709158365}"
EndProject
Project("{FAE04EC0-301F-11D3-BF4B-00C04F79EFBC}") = "SharedResourceDemo.iOS", "SharedResourceDemo\SharedResourceDemo.iOS\SharedResourceDemo.iOS.csproj", "{49421FE5-5A42-47DE-94C5-D5CB65286BA1}"
EndProject
Project("{FAE04EC0-301F-11D3-BF4B-00C04F79EFBC}") = "SharedResourceDemo", "SharedResourceDemo\SharedResourceDemo\SharedResourceDemo.csproj", "{50B6AB59-3B5B-4275-AB18-3C63F7C496A2}"
EndProject
Project("{FAE04EC0-301F-11D3-BF4B-00C04F79EFBC}") = "SharedResources", "SharedResources\SharedResources.csproj", "{37045237-D0AA-4B7F-B5C4-B17D34A2CE5B}"
EndProject
Global
	GlobalSection(SolutionConfigurationPlatforms) = preSolution
		Ad-Hoc|Any CPU = Ad-Hoc|Any CPU
		Ad-Hoc|iPhone = Ad-Hoc|iPhone
		Ad-Hoc|iPhoneSimulator = Ad-Hoc|iPhoneSimulator
		AppStore|Any CPU = AppStore|Any CPU
		AppStore|iPhone = AppStore|iPhone
		AppStore|iPhoneSimulator = AppStore|iPhoneSimulator
		Debug|Any CPU = Debug|Any CPU
		Debug|iPhone = Debug|iPhone
		Debug|iPhoneSimulator = Debug|iPhoneSimulator
		Release|Any CPU = Release|Any CPU
		Release|iPhone = Release|iPhone
		Release|iPhoneSimulator = Release|iPhoneSimulator
	EndGlobalSection
	GlobalSection(ProjectConfigurationPlatforms) = postSolution
		{196B3C89-88F5-4653-BAD5-13F709158365}.Ad-Hoc|Any CPU.ActiveCfg = Release|Any CPU
		{196B3C89-88F5-4653-BAD5-13F709158365}.Ad-Hoc|Any CPU.Build.0 = Release|Any CPU
		{196B3C89-88F5-4653-BAD5-13F709158365}.Ad-Hoc|Any CPU.Deploy.0 = Release|Any CPU
		{196B3C89-88F5-4653-BAD5-13F709158365}.Ad-Hoc|iPhone.ActiveCfg = Release|Any CPU
		{196B3C89-88F5-4653-BAD5-13F709158365}.Ad-Hoc|iPhone.Build.0 = Release|Any CPU
		{196B3C89-88F5-4653-BAD5-13F709158365}.Ad-Hoc|iPhone.Deploy.0 = Release|Any CPU
		{196B3C89-88F5-4653-BAD5-13F709158365}.Ad-Hoc|iPhoneSimulator.ActiveCfg = Release|Any CPU
		{196B3C89-88F5-4653-BAD5-13F709158365}.Ad-Hoc|iPhoneSimulator.Build.0 = Release|Any CPU
		{196B3C89-88F5-4653-BAD5-13F709158365}.Ad-Hoc|iPhoneSimulator.Deploy.0 = Release|Any CPU
		{196B3C89-88F5-4653-BAD5-13F709158365}.AppStore|Any CPU.ActiveCfg = Release|Any CPU
		{196B3C89-88F5-4653-BAD5-13F709158365}.AppStore|Any CPU.Build.0 = Release|Any CPU
		{196B3C89-88F5-4653-BAD5-13F709158365}.AppStore|Any CPU.Deploy.0 = Release|Any CPU
		{196B3C89-88F5-4653-BAD5-13F709158365}.AppStore|iPhone.ActiveCfg = Release|Any CPU
		{196B3C89-88F5-4653-BAD5-13F709158365}.AppStore|iPhone.Build.0 = Release|Any CPU
		{196B3C89-88F5-4653-BAD5-13F709158365}.AppStore|iPhone.Deploy.0 = Release|Any CPU
		{196B3C89-88F5-4653-BAD5-13F709158365}.AppStore|iPhoneSimulator.ActiveCfg = Release|Any CPU
		{196B3C89-88F5-4653-BAD5-13F709158365}.AppStore|iPhoneSimulator.Build.0 = Release|Any CPU
		{196B3C89-88F5-4653-BAD5-13F709158365}.AppStore|iPhoneSimulator.Deploy.0 = Release|Any CPU
		{196B3C89-88F5-4653-BAD5-13F709158365}.Debug|Any CPU.ActiveCfg = Debug|Any CPU
		{196B3C89-88F5-4653-BAD5-13F709158365}.Debug|Any CPU.Build.0 = Debug|Any CPU
		{196B3C89-88F5-4653-BAD5-13F709158365}.Debug|Any CPU.Deploy.0 = Debug|Any CPU
		{196B3C89-88F5-4653-BAD5-13F709158365}.Debug|iPhone.ActiveCfg = Debug|Any CPU
		{196B3C89-88F5-4653-BAD5-13F709158365}.Debug|iPhone.Build.0 = Debug|Any CPU
		{196B3C89-88F5-4653-BAD5-13F709158365}.Debug|iPhone.Deploy.0 = Debug|Any CPU
		{196B3C89-88F5-4653-BAD5-13F709158365}.Debug|iPhoneSimulator.ActiveCfg = Debug|Any CPU
		{196B3C89-88F5-4653-BAD5-13F709158365}.Debug|iPhoneSimulator.Build.0 = Debug|Any CPU
		{196B3C89-88F5-4653-BAD5-13F709158365}.Debug|iPhoneSimulator.Deploy.0 = Debug|Any CPU
		{196B3C89-88F5-4653-BAD5-13F709158365}.Release|Any CPU.ActiveCfg = Release|Any CPU
		{196B3C89-88F5-4653-BAD5-13F709158365}.Release|Any CPU.Build.0 = Release|Any CPU
		{196B3C89-88F5-4653-BAD5-13F709158365}.Release|Any CPU.Deploy.0 = Release|Any CPU
		{196B3C89-88F5-4653-BAD5-13F709158365}.Release|iPhone.ActiveCfg = Release|Any CPU
		{196B3C89-88F5-4653-BAD5-13F709158365}.Release|iPhone.Build.0 = Release|Any CPU
		{196B3C89-88F5-4653-BAD5-13F709158365}.Release|iPhone.Deploy.0 = Release|Any CPU
		{196B3C89-88F5-4653-BAD5-13F709158365}.Release|iPhoneSimulator.ActiveCfg = Release|Any CPU
		{196B3C89-88F5-4653-BAD5-13F709158365}.Release|iPhoneSimulator.Build.0 = Release|Any CPU
		{196B3C89-88F5-4653-BAD5-13F709158365}.Release|iPhoneSimulator.Deploy.0 = Release|Any CPU
		{49421FE5-5A42-47DE-94C5-D5CB65286BA1}.Ad-Hoc|Any CPU.ActiveCfg = Ad-Hoc|iPhone
		{49421FE5-5A42-47DE-94C5-D5CB65286BA1}.Ad-Hoc|Any CPU.Build.0 = Ad-Hoc|iPhone
		{49421FE5-5A42-47DE-94C5-D5CB65286BA1}.Ad-Hoc|Any CPU.Deploy.0 = Ad-Hoc|iPhone
		{49421FE5-5A42-47DE-94C5-D5CB65286BA1}.Ad-Hoc|iPhone.ActiveCfg = Ad-Hoc|iPhone
		{49421FE5-5A42-47DE-94C5-D5CB65286BA1}.Ad-Hoc|iPhone.Build.0 = Ad-Hoc|iPhone
		{49421FE5-5A42-47DE-94C5-D5CB65286BA1}.Ad-Hoc|iPhone.Deploy.0 = Ad-Hoc|iPhone
		{49421FE5-5A42-47DE-94C5-D5CB65286BA1}.Ad-Hoc|iPhoneSimulator.ActiveCfg = Ad-Hoc|iPhoneSimulator
		{49421FE5-5A42-47DE-94C5-D5CB65286BA1}.Ad-Hoc|iPhoneSimulator.Build.0 = Ad-Hoc|iPhoneSimulator
		{49421FE5-5A42-47DE-94C5-D5CB65286BA1}.Ad-Hoc|iPhoneSimulator.Deploy.0 = Ad-Hoc|iPhoneSimulator
		{49421FE5-5A42-47DE-94C5-D5CB65286BA1}.AppStore|Any CPU.ActiveCfg = AppStore|iPhone
		{49421FE5-5A42-47DE-94C5-D5CB65286BA1}.AppStore|Any CPU.Build.0 = AppStore|iPhone
		{49421FE5-5A42-47DE-94C5-D5CB65286BA1}.AppStore|Any CPU.Deploy.0 = AppStore|iPhone
		{49421FE5-5A42-47DE-94C5-D5CB65286BA1}.AppStore|iPhone.ActiveCfg = AppStore|iPhone
		{49421FE5-5A42-47DE-94C5-D5CB65286BA1}.AppStore|iPhone.Build.0 = AppStore|iPhone
		{49421FE5-5A42-47DE-94C5-D5CB65286BA1}.AppStore|iPhone.Deploy.0 = AppStore|iPhone
		{49421FE5-5A42-47DE-94C5-D5CB65286BA1}.AppStore|iPhoneSimulator.ActiveCfg = AppStore|iPhoneSimulator
		{49421FE5-5A42-47DE-94C5-D5CB65286BA1}.AppStore|iPhoneSimulator.Build.0 = AppStore|iPhoneSimulator
		{49421FE5-5A42-47DE-94C5-D5CB65286BA1}.AppStore|iPhoneSimulator.Deploy.0 = AppStore|iPhoneSimulator
		{49421FE5-5A42-47DE-94C5-D5CB65286BA1}.Debug|Any CPU.ActiveCfg = Debug|iPhoneSimulator
		{49421FE5-5A42-47DE-94C5-D5CB65286BA1}.Debug|Any CPU.Build.0 = Debug|iPhoneSimulator
		{49421FE5-5A42-47DE-94C5-D5CB65286BA1}.Debug|Any CPU.Deploy.0 = Debug|iPhoneSimulator
		{49421FE5-5A42-47DE-94C5-D5CB65286BA1}.Debug|iPhone.ActiveCfg = Debug|iPhone
		{49421FE5-5A42-47DE-94C5-D5CB65286BA1}.Debug|iPhone.Build.0 = Debug|iPhone
		{49421FE5-5A42-47DE-94C5-D5CB65286BA1}.Debug|iPhone.Deploy.0 = Debug|iPhone
		{49421FE5-5A42-47DE-94C5-D5CB65286BA1}.Debug|iPhoneSimulator.ActiveCfg = Debug|iPhoneSimulator
		{49421FE5-5A42-47DE-94C5-D5CB65286BA1}.Debug|iPhoneSimulator.Build.0 = Debug|iPhoneSimulator
		{49421FE5-5A42-47DE-94C5-D5CB65286BA1}.Debug|iPhoneSimulator.Deploy.0 = Debug|iPhoneSimulator
		{49421FE5-5A42-47DE-94C5-D5CB65286BA1}.Release|Any CPU.ActiveCfg = Release|iPhone
		{49421FE5-5A42-47DE-94C5-D5CB65286BA1}.Release|Any CPU.Build.0 = Release|iPhone
		{49421FE5-5A42-47DE-94C5-D5CB65286BA1}.Release|Any CPU.Deploy.0 = Release|iPhone
		{49421FE5-5A42-47DE-94C5-D5CB65286BA1}.Release|iPhone.ActiveCfg = Release|iPhone
		{49421FE5-5A42-47DE-94C5-D5CB65286BA1}.Release|iPhone.Build.0 = Release|iPhone
		{49421FE5-5A42-47DE-94C5-D5CB65286BA1}.Release|iPhone.Deploy.0 = Release|iPhone
		{49421FE5-5A42-47DE-94C5-D5CB65286BA1}.Release|iPhoneSimulator.ActiveCfg = Release|iPhoneSimulator
		{49421FE5-5A42-47DE-94C5-D5CB65286BA1}.Release|iPhoneSimulator.Build.0 = Release|iPhoneSimulator
		{49421FE5-5A42-47DE-94C5-D5CB65286BA1}.Release|iPhoneSimulator.Deploy.0 = Release|iPhoneSimulator
		{50B6AB59-3B5B-4275-AB18-3C63F7C496A2}.Ad-Hoc|Any CPU.ActiveCfg = Debug|Any CPU
		{50B6AB59-3B5B-4275-AB18-3C63F7C496A2}.Ad-Hoc|Any CPU.Build.0 = Debug|Any CPU
		{50B6AB59-3B5B-4275-AB18-3C63F7C496A2}.Ad-Hoc|Any CPU.Deploy.0 = Debug|Any CPU
		{50B6AB59-3B5B-4275-AB18-3C63F7C496A2}.Ad-Hoc|iPhone.ActiveCfg = Debug|Any CPU
		{50B6AB59-3B5B-4275-AB18-3C63F7C496A2}.Ad-Hoc|iPhone.Build.0 = Debug|Any CPU
		{50B6AB59-3B5B-4275-AB18-3C63F7C496A2}.Ad-Hoc|iPhone.Deploy.0 = Debug|Any CPU
		{50B6AB59-3B5B-4275-AB18-3C63F7C496A2}.Ad-Hoc|iPhoneSimulator.ActiveCfg = Debug|Any CPU
		{50B6AB59-3B5B-4275-AB18-3C63F7C496A2}.Ad-Hoc|iPhoneSimulator.Build.0 = Debug|Any CPU
		{50B6AB59-3B5B-4275-AB18-3C63F7C496A2}.Ad-Hoc|iPhoneSimulator.Deploy.0 = Debug|Any CPU
		{50B6AB59-3B5B-4275-AB18-3C63F7C496A2}.AppStore|Any CPU.ActiveCfg = Debug|Any CPU
		{50B6AB59-3B5B-4275-AB18-3C63F7C496A2}.AppStore|Any CPU.Build.0 = Debug|Any CPU
		{50B6AB59-3B5B-4275-AB18-3C63F7C496A2}.AppStore|Any CPU.Deploy.0 = Debug|Any CPU
		{50B6AB59-3B5B-4275-AB18-3C63F7C496A2}.AppStore|iPhone.ActiveCfg = Debug|Any CPU
		{50B6AB59-3B5B-4275-AB18-3C63F7C496A2}.AppStore|iPhone.Build.0 = Debug|Any CPU
		{50B6AB59-3B5B-4275-AB18-3C63F7C496A2}.AppStore|iPhone.Deploy.0 = Debug|Any CPU
		{50B6AB59-3B5B-4275-AB18-3C63F7C496A2}.AppStore|iPhoneSimulator.ActiveCfg = Debug|Any CPU
		{50B6AB59-3B5B-4275-AB18-3C63F7C496A2}.AppStore|iPhoneSimulator.Build.0 = Debug|Any CPU
		{50B6AB59-3B5B-4275-AB18-3C63F7C496A2}.AppStore|iPhoneSimulator.Deploy.0 = Debug|Any CPU
		{50B6AB59-3B5B-4275-AB18-3C63F7C496A2}.Debug|Any CPU.ActiveCfg = Debug|Any CPU
		{50B6AB59-3B5B-4275-AB18-3C63F7C496A2}.Debug|Any CPU.Build.0 = Debug|Any CPU
		{50B6AB59-3B5B-4275-AB18-3C63F7C496A2}.Debug|Any CPU.Deploy.0 = Debug|Any CPU
		{50B6AB59-3B5B-4275-AB18-3C63F7C496A2}.Debug|iPhone.ActiveCfg = Debug|Any CPU
		{50B6AB59-3B5B-4275-AB18-3C63F7C496A2}.Debug|iPhone.Build.0 = Debug|Any CPU
		{50B6AB59-3B5B-4275-AB18-3C63F7C496A2}.Debug|iPhone.Deploy.0 = Debug|Any CPU
		{50B6AB59-3B5B-4275-AB18-3C63F7C496A2}.Debug|iPhoneSimulator.ActiveCfg = Debug|Any CPU
		{50B6AB59-3B5B-4275-AB18-3C63F7C496A2}.Debug|iPhoneSimulator.Build.0 = Debug|Any CPU
		{50B6AB59-3B5B-4275-AB18-3C63F7C496A2}.Debug|iPhoneSimulator.Deploy.0 = Debug|Any CPU
		{50B6AB59-3B5B-4275-AB18-3C63F7C496A2}.Release|Any CPU.ActiveCfg = Release|Any CPU
		{50B6AB59-3B5B-4275-AB18-3C63F7C496A2}.Release|Any CPU.Build.0 = Release|Any CPU
		{50B6AB59-3B5B-4275-AB18-3C63F7C496A2}.Release|Any CPU.Deploy.0 = Release|Any CPU
		{50B6AB59-3B5B-4275-AB18-3C63F7C496A2}.Release|iPhone.ActiveCfg = Release|Any CPU
		{50B6AB59-3B5B-4275-AB18-3C63F7C496A2}.Release|iPhone.Build.0 = Release|Any CPU
		{50B6AB59-3B5B-4275-AB18-3C63F7C496A2}.Release|iPhone.Deploy.0 = Release|Any CPU
		{50B6AB59-3B5B-4275-AB18-3C63F7C496A2}.Release|iPhoneSimulator.ActiveCfg = Release|Any CPU
		{50B6AB59-3B5B-4275-AB18-3C63F7C496A2}.Release|iPhoneSimulator.Build.0 = Release|Any CPU
		{50B6AB59-3B5B-4275-AB18-3C63F7C496A2}.Release|iPhoneSimulator.Deploy.0 = Release|Any CPU
		{37045237-D0AA-4B7F-B5C4-B17D34A2CE5B}.Ad-Hoc|Any CPU.ActiveCfg = Debug|Any CPU
		{37045237-D0AA-4B7F-B5C4-B17D34A2CE5B}.Ad-Hoc|Any CPU.Build.0 = Debug|Any CPU
		{37045237-D0AA-4B7F-B5C4-B17D34A2CE5B}.Ad-Hoc|iPhone.ActiveCfg = Debug|Any CPU
		{37045237-D0AA-4B7F-B5C4-B17D34A2CE5B}.Ad-Hoc|iPhone.Build.0 = Debug|Any CPU
		{37045237-D0AA-4B7F-B5C4-B17D34A2CE5B}.Ad-Hoc|iPhoneSimulator.ActiveCfg = Debug|Any CPU
		{37045237-D0AA-4B7F-B5C4-B17D34A2CE5B}.Ad-Hoc|iPhoneSimulator.Build.0 = Debug|Any CPU
		{37045237-D0AA-4B7F-B5C4-B17D34A2CE5B}.AppStore|Any CPU.ActiveCfg = Debug|Any CPU
		{37045237-D0AA-4B7F-B5C4-B17D34A2CE5B}.AppStore|Any CPU.Build.0 = Debug|Any CPU
		{37045237-D0AA-4B7F-B5C4-B17D34A2CE5B}.AppStore|iPhone.ActiveCfg = Debug|Any CPU
		{37045237-D0AA-4B7F-B5C4-B17D34A2CE5B}.AppStore|iPhone.Build.0 = Debug|Any CPU
		{37045237-D0AA-4B7F-B5C4-B17D34A2CE5B}.AppStore|iPhoneSimulator.ActiveCfg = Debug|Any CPU
		{37045237-D0AA-4B7F-B5C4-B17D34A2CE5B}.AppStore|iPhoneSimulator.Build.0 = Debug|Any CPU
		{37045237-D0AA-4B7F-B5C4-B17D34A2CE5B}.Debug|Any CPU.ActiveCfg = Debug|Any CPU
		{37045237-D0AA-4B7F-B5C4-B17D34A2CE5B}.Debug|Any CPU.Build.0 = Debug|Any CPU
		{37045237-D0AA-4B7F-B5C4-B17D34A2CE5B}.Debug|iPhone.ActiveCfg = Debug|Any CPU
		{37045237-D0AA-4B7F-B5C4-B17D34A2CE5B}.Debug|iPhone.Build.0 = Debug|Any CPU
		{37045237-D0AA-4B7F-B5C4-B17D34A2CE5B}.Debug|iPhoneSimulator.ActiveCfg = Debug|Any CPU
		{37045237-D0AA-4B7F-B5C4-B17D34A2CE5B}.Debug|iPhoneSimulator.Build.0 = Debug|Any CPU
		{37045237-D0AA-4B7F-B5C4-B17D34A2CE5B}.Release|Any CPU.ActiveCfg = Release|Any CPU
		{37045237-D0AA-4B7F-B5C4-B17D34A2CE5B}.Release|Any CPU.Build.0 = Release|Any CPU
		{37045237-D0AA-4B7F-B5C4-B17D34A2CE5B}.Release|iPhone.ActiveCfg = Release|Any CPU
		{37045237-D0AA-4B7F-B5C4-B17D34A2CE5B}.Release|iPhone.Build.0 = Release|Any CPU
		{37045237-D0AA-4B7F-B5C4-B17D34A2CE5B}.Release|iPhoneSimulator.ActiveCfg = Release|Any CPU
		{37045237-D0AA-4B7F-B5C4-B17D34A2CE5B}.Release|iPhoneSimulator.Build.0 = Release|Any CPU
	EndGlobalSection
	GlobalSection(SolutionProperties) = preSolution
		HideSolutionNode = FALSE
	EndGlobalSection
	GlobalSection(ExtensibilityGlobals) = postSolution
		SolutionGuid = {6B48EED4-F95B-46FA-B568-A1864C58E1A6}
	EndGlobalSection
EndGlobal
